
Microsoft Visual Studio Solution File, Format Version 12.00
# Visual Studio 14
VisualStudioVersion = 14.0.25420.1
MinimumVisualStudioVersion = 10.0.40219.1
Project("{2150E333-8FDC-42A3-9474-1A3956D46DE8}") = "src", "src", "{FF8C5833-B176-46F6-9DF5-877430143DD2}"
EndProject
Project("{2150E333-8FDC-42A3-9474-1A3956D46DE8}") = "Solution Items", "Solution Items", "{ADE75E71-3ED9-46DF-9100-4979860BC307}"
	ProjectSection(SolutionItems) = preProject
		global.json = global.json
	EndProjectSection
EndProject
Project("{8BB2217D-0F2D-49D1-97BC-3654ED321F3B}") = "WebPerson", "src\WebPerson\WebPerson.xproj", "{B4D97A2E-39A6-4E91-9759-82F64094B2C2}"
EndProject
Global
	GlobalSection(SolutionConfigurationPlatforms) = preSolution
		Debug|Any CPU = Debug|Any CPU
		Release|Any CPU = Release|Any CPU
	EndGlobalSection
	GlobalSection(ProjectConfigurationPlatforms) = postSolution
		{B4D97A2E-39A6-4E91-9759-82F64094B2C2}.Debug|Any CPU.ActiveCfg = Debug|Any CPU
		{B4D97A2E-39A6-4E91-9759-82F64094B2C2}.Debug|Any CPU.Build.0 = Debug|Any CPU
		{B4D97A2E-39A6-4E91-9759-82F64094B2C2}.Release|Any CPU.ActiveCfg = Release|Any CPU
		{B4D97A2E-39A6-4E91-9759-82F64094B2C2}.Release|Any CPU.Build.0 = Release|Any CPU
	EndGlobalSection
	GlobalSection(SolutionProperties) = preSolution
		HideSolutionNode = FALSE
	EndGlobalSection
	GlobalSection(NestedProjects) = preSolution
		{B4D97A2E-39A6-4E91-9759-82F64094B2C2} = {FF8C5833-B176-46F6-9DF5-877430143DD2}
	EndGlobalSection
EndGlobal
